
Microsoft Visual Studio Solution File, Format Version 12.00
# Visual Studio Version 16
VisualStudioVersion = 16.0.31729.503
MinimumVisualStudioVersion = 10.0.40219.1
Project("{9A19103F-16F7-4668-BE54-9A1E7A4F7556}") = "SeeOtherwise", "SeeOtherwise\SeeOtherwise.csproj", "{B32C7E97-3403-4BBD-9F63-995FF2B849D6}"
EndProject
Global
	GlobalSection(SolutionConfigurationPlatforms) = preSolution
		Debug|Any CPU = Debug|Any CPU
		Release|Any CPU = Release|Any CPU
	EndGlobalSection
	GlobalSection(ProjectConfigurationPlatforms) = postSolution
		{B32C7E97-3403-4BBD-9F63-995FF2B849D6}.Debug|Any CPU.ActiveCfg = Debug|Any CPU
		{B32C7E97-3403-4BBD-9F63-995FF2B849D6}.Debug|Any CPU.Build.0 = Debug|Any CPU
		{B32C7E97-3403-4BBD-9F63-995FF2B849D6}.Release|Any CPU.ActiveCfg = Release|Any CPU
		{B32C7E97-3403-4BBD-9F63-995FF2B849D6}.Release|Any CPU.Build.0 = Release|Any CPU
	EndGlobalSection
	GlobalSection(SolutionProperties) = preSolution
		HideSolutionNode = FALSE
	EndGlobalSection
	GlobalSection(ExtensibilityGlobals) = postSolution
		SolutionGuid = {04E52D49-C18A-4A2F-8921-802BA23F71C1}
	EndGlobalSection
EndGlobal
